
Microsoft Visual Studio Solution File, Format Version 12.00
# Visual Studio 15
VisualStudioVersion = 15.0.27309.0
MinimumVisualStudioVersion = 10.0.40219.1
Project("{FAE04EC0-301F-11D3-BF4B-00C04F79EFBC}") = "Friday.Android", "Friday\Friday.Android\Friday.Android.csproj", "{FA399E4A-95B4-48F6-BCD6-C8473E1F6FD6}"
EndProject
Project("{FAE04EC0-301F-11D3-BF4B-00C04F79EFBC}") = "Friday.iOS", "Friday\Friday.iOS\Friday.iOS.csproj", "{A8D8C5A9-8C95-45FF-905A-EFE9CF3FD473}"
EndProject
Project("{FAE04EC0-301F-11D3-BF4B-00C04F79EFBC}") = "Friday.UWP", "Friday\Friday.UWP\Friday.UWP.csproj", "{08A2F884-F20E-409A-8179-4C192397679E}"
EndProject
Project("{9A19103F-16F7-4668-BE54-9A1E7A4F7556}") = "Friday", "Friday\Friday\Friday.csproj", "{FCA5C10C-D721-400B-8E26-2964C97C2D83}"
EndProject
Global
	GlobalSection(SolutionConfigurationPlatforms) = preSolution
		Ad-Hoc|Any CPU = Ad-Hoc|Any CPU
		Ad-Hoc|ARM = Ad-Hoc|ARM
		Ad-Hoc|iPhone = Ad-Hoc|iPhone
		Ad-Hoc|iPhoneSimulator = Ad-Hoc|iPhoneSimulator
		Ad-Hoc|x64 = Ad-Hoc|x64
		Ad-Hoc|x86 = Ad-Hoc|x86
		AppStore|Any CPU = AppStore|Any CPU
		AppStore|ARM = AppStore|ARM
		AppStore|iPhone = AppStore|iPhone
		AppStore|iPhoneSimulator = AppStore|iPhoneSimulator
		AppStore|x64 = AppStore|x64
		AppStore|x86 = AppStore|x86
		Debug|Any CPU = Debug|Any CPU
		Debug|ARM = Debug|ARM
		Debug|iPhone = Debug|iPhone
		Debug|iPhoneSimulator = Debug|iPhoneSimulator
		Debug|x64 = Debug|x64
		Debug|x86 = Debug|x86
		Release|Any CPU = Release|Any CPU
		Release|ARM = Release|ARM
		Release|iPhone = Release|iPhone
		Release|iPhoneSimulator = Release|iPhoneSimulator
		Release|x64 = Release|x64
		Release|x86 = Release|x86
	EndGlobalSection
	GlobalSection(ProjectConfigurationPlatforms) = postSolution
		{FA399E4A-95B4-48F6-BCD6-C8473E1F6FD6}.Ad-Hoc|Any CPU.ActiveCfg = Release|Any CPU
		{FA399E4A-95B4-48F6-BCD6-C8473E1F6FD6}.Ad-Hoc|Any CPU.Build.0 = Release|Any CPU
		{FA399E4A-95B4-48F6-BCD6-C8473E1F6FD6}.Ad-Hoc|Any CPU.Deploy.0 = Release|Any CPU
		{FA399E4A-95B4-48F6-BCD6-C8473E1F6FD6}.Ad-Hoc|ARM.ActiveCfg = Release|Any CPU
		{FA399E4A-95B4-48F6-BCD6-C8473E1F6FD6}.Ad-Hoc|ARM.Build.0 = Release|Any CPU
		{FA399E4A-95B4-48F6-BCD6-C8473E1F6FD6}.Ad-Hoc|ARM.Deploy.0 = Release|Any CPU
		{FA399E4A-95B4-48F6-BCD6-C8473E1F6FD6}.Ad-Hoc|iPhone.ActiveCfg = Release|Any CPU
		{FA399E4A-95B4-48F6-BCD6-C8473E1F6FD6}.Ad-Hoc|iPhone.Build.0 = Release|Any CPU
		{FA399E4A-95B4-48F6-BCD6-C8473E1F6FD6}.Ad-Hoc|iPhone.Deploy.0 = Release|Any CPU
		{FA399E4A-95B4-48F6-BCD6-C8473E1F6FD6}.Ad-Hoc|iPhoneSimulator.ActiveCfg = Release|Any CPU
		{FA399E4A-95B4-48F6-BCD6-C8473E1F6FD6}.Ad-Hoc|iPhoneSimulator.Build.0 = Release|Any CPU
		{FA399E4A-95B4-48F6-BCD6-C8473E1F6FD6}.Ad-Hoc|iPhoneSimulator.Deploy.0 = Release|Any CPU
		{FA399E4A-95B4-48F6-BCD6-C8473E1F6FD6}.Ad-Hoc|x64.ActiveCfg = Release|Any CPU
		{FA399E4A-95B4-48F6-BCD6-C8473E1F6FD6}.Ad-Hoc|x64.Build.0 = Release|Any CPU
		{FA399E4A-95B4-48F6-BCD6-C8473E1F6FD6}.Ad-Hoc|x64.Deploy.0 = Release|Any CPU
		{FA399E4A-95B4-48F6-BCD6-C8473E1F6FD6}.Ad-Hoc|x86.ActiveCfg = Release|Any CPU
		{FA399E4A-95B4-48F6-BCD6-C8473E1F6FD6}.Ad-Hoc|x86.Build.0 = Release|Any CPU
		{FA399E4A-95B4-48F6-BCD6-C8473E1F6FD6}.Ad-Hoc|x86.Deploy.0 = Release|Any CPU
		{FA399E4A-95B4-48F6-BCD6-C8473E1F6FD6}.AppStore|Any CPU.ActiveCfg = Release|Any CPU
		{FA399E4A-95B4-48F6-BCD6-C8473E1F6FD6}.AppStore|Any CPU.Build.0 = Release|Any CPU
		{FA399E4A-95B4-48F6-BCD6-C8473E1F6FD6}.AppStore|Any CPU.Deploy.0 = Release|Any CPU
		{FA399E4A-95B4-48F6-BCD6-C8473E1F6FD6}.AppStore|ARM.ActiveCfg = Release|Any CPU
		{FA399E4A-95B4-48F6-BCD6-C8473E1F6FD6}.AppStore|ARM.Build.0 = Release|Any CPU
		{FA399E4A-95B4-48F6-BCD6-C8473E1F6FD6}.AppStore|ARM.Deploy.0 = Release|Any CPU
		{FA399E4A-95B4-48F6-BCD6-C8473E1F6FD6}.AppStore|iPhone.ActiveCfg = Release|Any CPU
		{FA399E4A-95B4-48F6-BCD6-C8473E1F6FD6}.AppStore|iPhone.Build.0 = Release|Any CPU
		{FA399E4A-95B4-48F6-BCD6-C8473E1F6FD6}.AppStore|iPhone.Deploy.0 = Release|Any CPU
		{FA399E4A-95B4-48F6-BCD6-C8473E1F6FD6}.AppStore|iPhoneSimulator.ActiveCfg = Release|Any CPU
		{FA399E4A-95B4-48F6-BCD6-C8473E1F6FD6}.AppStore|iPhoneSimulator.Build.0 = Release|Any CPU
		{FA399E4A-95B4-48F6-BCD6-C8473E1F6FD6}.AppStore|iPhoneSimulator.Deploy.0 = Release|Any CPU
		{FA399E4A-95B4-48F6-BCD6-C8473E1F6FD6}.AppStore|x64.ActiveCfg = Release|Any CPU
		{FA399E4A-95B4-48F6-BCD6-C8473E1F6FD6}.AppStore|x64.Build.0 = Release|Any CPU
		{FA399E4A-95B4-48F6-BCD6-C8473E1F6FD6}.AppStore|x64.Deploy.0 = Release|Any CPU
		{FA399E4A-95B4-48F6-BCD6-C8473E1F6FD6}.AppStore|x86.ActiveCfg = Release|Any CPU
		{FA399E4A-95B4-48F6-BCD6-C8473E1F6FD6}.AppStore|x86.Build.0 = Release|Any CPU
		{FA399E4A-95B4-48F6-BCD6-C8473E1F6FD6}.AppStore|x86.Deploy.0 = Release|Any CPU
		{FA399E4A-95B4-48F6-BCD6-C8473E1F6FD6}.Debug|Any CPU.ActiveCfg = Debug|Any CPU
		{FA399E4A-95B4-48F6-BCD6-C8473E1F6FD6}.Debug|Any CPU.Build.0 = Debug|Any CPU
		{FA399E4A-95B4-48F6-BCD6-C8473E1F6FD6}.Debug|Any CPU.Deploy.0 = Debug|Any CPU
		{FA399E4A-95B4-48F6-BCD6-C8473E1F6FD6}.Debug|ARM.ActiveCfg = Debug|Any CPU
		{FA399E4A-95B4-48F6-BCD6-C8473E1F6FD6}.Debug|ARM.Build.0 = Debug|Any CPU
		{FA399E4A-95B4-48F6-BCD6-C8473E1F6FD6}.Debug|ARM.Deploy.0 = Debug|Any CPU
		{FA399E4A-95B4-48F6-BCD6-C8473E1F6FD6}.Debug|iPhone.ActiveCfg = Debug|Any CPU
		{FA399E4A-95B4-48F6-BCD6-C8473E1F6FD6}.Debug|iPhone.Build.0 = Debug|Any CPU
		{FA399E4A-95B4-48F6-BCD6-C8473E1F6FD6}.Debug|iPhone.Deploy.0 = Debug|Any CPU
		{FA399E4A-95B4-48F6-BCD6-C8473E1F6FD6}.Debug|iPhoneSimulator.ActiveCfg = Debug|Any CPU
		{FA399E4A-95B4-48F6-BCD6-C8473E1F6FD6}.Debug|iPhoneSimulator.Build.0 = Debug|Any CPU
		{FA399E4A-95B4-48F6-BCD6-C8473E1F6FD6}.Debug|iPhoneSimulator.Deploy.0 = Debug|Any CPU
		{FA399E4A-95B4-48F6-BCD6-C8473E1F6FD6}.Debug|x64.ActiveCfg = Debug|Any CPU
		{FA399E4A-95B4-48F6-BCD6-C8473E1F6FD6}.Debug|x64.Build.0 = Debug|Any CPU
		{FA399E4A-95B4-48F6-BCD6-C8473E1F6FD6}.Debug|x64.Deploy.0 = Debug|Any CPU
		{FA399E4A-95B4-48F6-BCD6-C8473E1F6FD6}.Debug|x86.ActiveCfg = Debug|Any CPU
		{FA399E4A-95B4-48F6-BCD6-C8473E1F6FD6}.Debug|x86.Build.0 = Debug|Any CPU
		{FA399E4A-95B4-48F6-BCD6-C8473E1F6FD6}.Debug|x86.Deploy.0 = Debug|Any CPU
		{FA399E4A-95B4-48F6-BCD6-C8473E1F6FD6}.Release|Any CPU.ActiveCfg = Release|Any CPU
		{FA399E4A-95B4-48F6-BCD6-C8473E1F6FD6}.Release|Any CPU.Build.0 = Release|Any CPU
		{FA399E4A-95B4-48F6-BCD6-C8473E1F6FD6}.Release|Any CPU.Deploy.0 = Release|Any CPU
		{FA399E4A-95B4-48F6-BCD6-C8473E1F6FD6}.Release|ARM.ActiveCfg = Release|Any CPU
		{FA399E4A-95B4-48F6-BCD6-C8473E1F6FD6}.Release|ARM.Build.0 = Release|Any CPU
		{FA399E4A-95B4-48F6-BCD6-C8473E1F6FD6}.Release|ARM.Deploy.0 = Release|Any CPU
		{FA399E4A-95B4-48F6-BCD6-C8473E1F6FD6}.Release|iPhone.ActiveCfg = Release|Any CPU
		{FA399E4A-95B4-48F6-BCD6-C8473E1F6FD6}.Release|iPhone.Build.0 = Release|Any CPU
		{FA399E4A-95B4-48F6-BCD6-C8473E1F6FD6}.Release|iPhone.Deploy.0 = Release|Any CPU
		{FA399E4A-95B4-48F6-BCD6-C8473E1F6FD6}.Release|iPhoneSimulator.ActiveCfg = Release|Any CPU
		{FA399E4A-95B4-48F6-BCD6-C8473E1F6FD6}.Release|iPhoneSimulator.Build.0 = Release|Any CPU
		{FA399E4A-95B4-48F6-BCD6-C8473E1F6FD6}.Release|iPhoneSimulator.Deploy.0 = Release|Any CPU
		{FA399E4A-95B4-48F6-BCD6-C8473E1F6FD6}.Release|x64.ActiveCfg = Release|Any CPU
		{FA399E4A-95B4-48F6-BCD6-C8473E1F6FD6}.Release|x64.Build.0 = Release|Any CPU
		{FA399E4A-95B4-48F6-BCD6-C8473E1F6FD6}.Release|x64.Deploy.0 = Release|Any CPU
		{FA399E4A-95B4-48F6-BCD6-C8473E1F6FD6}.Release|x86.ActiveCfg = Release|Any CPU
		{FA399E4A-95B4-48F6-BCD6-C8473E1F6FD6}.Release|x86.Build.0 = Release|Any CPU
		{FA399E4A-95B4-48F6-BCD6-C8473E1F6FD6}.Release|x86.Deploy.0 = Release|Any CPU
		{A8D8C5A9-8C95-45FF-905A-EFE9CF3FD473}.Ad-Hoc|Any CPU.ActiveCfg = Ad-Hoc|iPhone
		{A8D8C5A9-8C95-45FF-905A-EFE9CF3FD473}.Ad-Hoc|ARM.ActiveCfg = Ad-Hoc|iPhone
		{A8D8C5A9-8C95-45FF-905A-EFE9CF3FD473}.Ad-Hoc|iPhone.ActiveCfg = Ad-Hoc|iPhone
		{A8D8C5A9-8C95-45FF-905A-EFE9CF3FD473}.Ad-Hoc|iPhone.Build.0 = Ad-Hoc|iPhone
		{A8D8C5A9-8C95-45FF-905A-EFE9CF3FD473}.Ad-Hoc|iPhoneSimulator.ActiveCfg = Ad-Hoc|iPhoneSimulator
		{A8D8C5A9-8C95-45FF-905A-EFE9CF3FD473}.Ad-Hoc|iPhoneSimulator.Build.0 = Ad-Hoc|iPhoneSimulator
		{A8D8C5A9-8C95-45FF-905A-EFE9CF3FD473}.Ad-Hoc|x64.ActiveCfg = Ad-Hoc|iPhone
		{A8D8C5A9-8C95-45FF-905A-EFE9CF3FD473}.Ad-Hoc|x86.ActiveCfg = Ad-Hoc|iPhone
		{A8D8C5A9-8C95-45FF-905A-EFE9CF3FD473}.AppStore|Any CPU.ActiveCfg = AppStore|iPhone
		{A8D8C5A9-8C95-45FF-905A-EFE9CF3FD473}.AppStore|ARM.ActiveCfg = AppStore|iPhone
		{A8D8C5A9-8C95-45FF-905A-EFE9CF3FD473}.AppStore|iPhone.ActiveCfg = AppStore|iPhone
		{A8D8C5A9-8C95-45FF-905A-EFE9CF3FD473}.AppStore|iPhone.Build.0 = AppStore|iPhone
		{A8D8C5A9-8C95-45FF-905A-EFE9CF3FD473}.AppStore|iPhoneSimulator.ActiveCfg = AppStore|iPhoneSimulator
		{A8D8C5A9-8C95-45FF-905A-EFE9CF3FD473}.AppStore|iPhoneSimulator.Build.0 = AppStore|iPhoneSimulator
		{A8D8C5A9-8C95-45FF-905A-EFE9CF3FD473}.AppStore|x64.ActiveCfg = AppStore|iPhone
		{A8D8C5A9-8C95-45FF-905A-EFE9CF3FD473}.AppStore|x86.ActiveCfg = AppStore|iPhone
		{A8D8C5A9-8C95-45FF-905A-EFE9CF3FD473}.Debug|Any CPU.ActiveCfg = Debug|iPhone
		{A8D8C5A9-8C95-45FF-905A-EFE9CF3FD473}.Debug|ARM.ActiveCfg = Debug|iPhone
		{A8D8C5A9-8C95-45FF-905A-EFE9CF3FD473}.Debug|iPhone.ActiveCfg = Debug|iPhone
		{A8D8C5A9-8C95-45FF-905A-EFE9CF3FD473}.Debug|iPhone.Build.0 = Debug|iPhone
		{A8D8C5A9-8C95-45FF-905A-EFE9CF3FD473}.Debug|iPhoneSimulator.ActiveCfg = Debug|iPhoneSimulator
		{A8D8C5A9-8C95-45FF-905A-EFE9CF3FD473}.Debug|iPhoneSimulator.Build.0 = Debug|iPhoneSimulator
		{A8D8C5A9-8C95-45FF-905A-EFE9CF3FD473}.Debug|x64.ActiveCfg = Debug|iPhone
		{A8D8C5A9-8C95-45FF-905A-EFE9CF3FD473}.Debug|x86.ActiveCfg = Debug|iPhone
		{A8D8C5A9-8C95-45FF-905A-EFE9CF3FD473}.Release|Any CPU.ActiveCfg = Release|iPhone
		{A8D8C5A9-8C95-45FF-905A-EFE9CF3FD473}.Release|ARM.ActiveCfg = Release|iPhone
		{A8D8C5A9-8C95-45FF-905A-EFE9CF3FD473}.Release|iPhone.ActiveCfg = Release|iPhone
		{A8D8C5A9-8C95-45FF-905A-EFE9CF3FD473}.Release|iPhone.Build.0 = Release|iPhone
		{A8D8C5A9-8C95-45FF-905A-EFE9CF3FD473}.Release|iPhoneSimulator.ActiveCfg = Release|iPhoneSimulator
		{A8D8C5A9-8C95-45FF-905A-EFE9CF3FD473}.Release|iPhoneSimulator.Build.0 = Release|iPhoneSimulator
		{A8D8C5A9-8C95-45FF-905A-EFE9CF3FD473}.Release|x64.ActiveCfg = Release|iPhone
		{A8D8C5A9-8C95-45FF-905A-EFE9CF3FD473}.Release|x86.ActiveCfg = Release|iPhone
		{08A2F884-F20E-409A-8179-4C192397679E}.Ad-Hoc|Any CPU.ActiveCfg = Release|x86
		{08A2F884-F20E-409A-8179-4C192397679E}.Ad-Hoc|Any CPU.Build.0 = Release|x86
		{08A2F884-F20E-409A-8179-4C192397679E}.Ad-Hoc|Any CPU.Deploy.0 = Release|x86
		{08A2F884-F20E-409A-8179-4C192397679E}.Ad-Hoc|ARM.ActiveCfg = Release|ARM
		{08A2F884-F20E-409A-8179-4C192397679E}.Ad-Hoc|ARM.Build.0 = Release|ARM
		{08A2F884-F20E-409A-8179-4C192397679E}.Ad-Hoc|ARM.Deploy.0 = Release|ARM
		{08A2F884-F20E-409A-8179-4C192397679E}.Ad-Hoc|iPhone.ActiveCfg = Release|x86
		{08A2F884-F20E-409A-8179-4C192397679E}.Ad-Hoc|iPhone.Build.0 = Release|x86
		{08A2F884-F20E-409A-8179-4C192397679E}.Ad-Hoc|iPhone.Deploy.0 = Release|x86
		{08A2F884-F20E-409A-8179-4C192397679E}.Ad-Hoc|iPhoneSimulator.ActiveCfg = Release|x86
		{08A2F884-F20E-409A-8179-4C192397679E}.Ad-Hoc|iPhoneSimulator.Build.0 = Release|x86
		{08A2F884-F20E-409A-8179-4C192397679E}.Ad-Hoc|iPhoneSimulator.Deploy.0 = Release|x86
		{08A2F884-F20E-409A-8179-4C192397679E}.Ad-Hoc|x64.ActiveCfg = Release|x64
		{08A2F884-F20E-409A-8179-4C192397679E}.Ad-Hoc|x64.Build.0 = Release|x64
		{08A2F884-F20E-409A-8179-4C192397679E}.Ad-Hoc|x64.Deploy.0 = Release|x64
		{08A2F884-F20E-409A-8179-4C192397679E}.Ad-Hoc|x86.ActiveCfg = Release|x86
		{08A2F884-F20E-409A-8179-4C192397679E}.Ad-Hoc|x86.Build.0 = Release|x86
		{08A2F884-F20E-409A-8179-4C192397679E}.Ad-Hoc|x86.Deploy.0 = Release|x86
		{08A2F884-F20E-409A-8179-4C192397679E}.AppStore|Any CPU.ActiveCfg = Release|x86
		{08A2F884-F20E-409A-8179-4C192397679E}.AppStore|Any CPU.Build.0 = Release|x86
		{08A2F884-F20E-409A-8179-4C192397679E}.AppStore|Any CPU.Deploy.0 = Release|x86
		{08A2F884-F20E-409A-8179-4C192397679E}.AppStore|ARM.ActiveCfg = Release|ARM
		{08A2F884-F20E-409A-8179-4C192397679E}.AppStore|ARM.Build.0 = Release|ARM
		{08A2F884-F20E-409A-8179-4C192397679E}.AppStore|ARM.Deploy.0 = Release|ARM
		{08A2F884-F20E-409A-8179-4C192397679E}.AppStore|iPhone.ActiveCfg = Release|x86
		{08A2F884-F20E-409A-8179-4C192397679E}.AppStore|iPhone.Build.0 = Release|x86
		{08A2F884-F20E-409A-8179-4C192397679E}.AppStore|iPhone.Deploy.0 = Release|x86
		{08A2F884-F20E-409A-8179-4C192397679E}.AppStore|iPhoneSimulator.ActiveCfg = Release|x86
		{08A2F884-F20E-409A-8179-4C192397679E}.AppStore|iPhoneSimulator.Build.0 = Release|x86
		{08A2F884-F20E-409A-8179-4C192397679E}.AppStore|iPhoneSimulator.Deploy.0 = Release|x86
		{08A2F884-F20E-409A-8179-4C192397679E}.AppStore|x64.ActiveCfg = Release|x64
		{08A2F884-F20E-409A-8179-4C192397679E}.AppStore|x64.Build.0 = Release|x64
		{08A2F884-F20E-409A-8179-4C192397679E}.AppStore|x64.Deploy.0 = Release|x64
		{08A2F884-F20E-409A-8179-4C192397679E}.AppStore|x86.ActiveCfg = Release|x86
		{08A2F884-F20E-409A-8179-4C192397679E}.AppStore|x86.Build.0 = Release|x86
		{08A2F884-F20E-409A-8179-4C192397679E}.AppStore|x86.Deploy.0 = Release|x86
		{08A2F884-F20E-409A-8179-4C192397679E}.Debug|Any CPU.ActiveCfg = Debug|x86
		{08A2F884-F20E-409A-8179-4C192397679E}.Debug|ARM.ActiveCfg = Debug|ARM
		{08A2F884-F20E-409A-8179-4C192397679E}.Debug|ARM.Build.0 = Debug|ARM
		{08A2F884-F20E-409A-8179-4C192397679E}.Debug|ARM.Deploy.0 = Debug|ARM
		{08A2F884-F20E-409A-8179-4C192397679E}.Debug|iPhone.ActiveCfg = Debug|x86
		{08A2F884-F20E-409A-8179-4C192397679E}.Debug|iPhoneSimulator.ActiveCfg = Debug|x86
		{08A2F884-F20E-409A-8179-4C192397679E}.Debug|x64.ActiveCfg = Debug|x64
		{08A2F884-F20E-409A-8179-4C192397679E}.Debug|x64.Build.0 = Debug|x64
		{08A2F884-F20E-409A-8179-4C192397679E}.Debug|x64.Deploy.0 = Debug|x64
		{08A2F884-F20E-409A-8179-4C192397679E}.Debug|x86.ActiveCfg = Debug|x86
		{08A2F884-F20E-409A-8179-4C192397679E}.Debug|x86.Build.0 = Debug|x86
		{08A2F884-F20E-409A-8179-4C192397679E}.Debug|x86.Deploy.0 = Debug|x86
		{08A2F884-F20E-409A-8179-4C192397679E}.Release|Any CPU.ActiveCfg = Release|x86
		{08A2F884-F20E-409A-8179-4C192397679E}.Release|ARM.ActiveCfg = Release|ARM
		{08A2F884-F20E-409A-8179-4C192397679E}.Release|ARM.Build.0 = Release|ARM
		{08A2F884-F20E-409A-8179-4C192397679E}.Release|ARM.Deploy.0 = Release|ARM
		{08A2F884-F20E-409A-8179-4C192397679E}.Release|iPhone.ActiveCfg = Release|x86
		{08A2F884-F20E-409A-8179-4C192397679E}.Release|iPhoneSimulator.ActiveCfg = Release|x86
		{08A2F884-F20E-409A-8179-4C192397679E}.Release|x64.ActiveCfg = Release|x64
		{08A2F884-F20E-409A-8179-4C192397679E}.Release|x64.Build.0 = Release|x64
		{08A2F884-F20E-409A-8179-4C192397679E}.Release|x64.Deploy.0 = Release|x64
		{08A2F884-F20E-409A-8179-4C192397679E}.Release|x86.ActiveCfg = Release|x86
		{08A2F884-F20E-409A-8179-4C192397679E}.Release|x86.Build.0 = Release|x86
		{08A2F884-F20E-409A-8179-4C192397679E}.Release|x86.Deploy.0 = Release|x86
		{FCA5C10C-D721-400B-8E26-2964C97C2D83}.Ad-Hoc|Any CPU.ActiveCfg = Debug|Any CPU
		{FCA5C10C-D721-400B-8E26-2964C97C2D83}.Ad-Hoc|Any CPU.Build.0 = Debug|Any CPU
		{FCA5C10C-D721-400B-8E26-2964C97C2D83}.Ad-Hoc|ARM.ActiveCfg = Debug|Any CPU
		{FCA5C10C-D721-400B-8E26-2964C97C2D83}.Ad-Hoc|ARM.Build.0 = Debug|Any CPU
		{FCA5C10C-D721-400B-8E26-2964C97C2D83}.Ad-Hoc|iPhone.ActiveCfg = Debug|Any CPU
		{FCA5C10C-D721-400B-8E26-2964C97C2D83}.Ad-Hoc|iPhone.Build.0 = Debug|Any CPU
		{FCA5C10C-D721-400B-8E26-2964C97C2D83}.Ad-Hoc|iPhoneSimulator.ActiveCfg = Debug|Any CPU
		{FCA5C10C-D721-400B-8E26-2964C97C2D83}.Ad-Hoc|iPhoneSimulator.Build.0 = Debug|Any CPU
		{FCA5C10C-D721-400B-8E26-2964C97C2D83}.Ad-Hoc|x64.ActiveCfg = Debug|Any CPU
		{FCA5C10C-D721-400B-8E26-2964C97C2D83}.Ad-Hoc|x64.Build.0 = Debug|Any CPU
		{FCA5C10C-D721-400B-8E26-2964C97C2D83}.Ad-Hoc|x86.ActiveCfg = Debug|Any CPU
		{FCA5C10C-D721-400B-8E26-2964C97C2D83}.Ad-Hoc|x86.Build.0 = Debug|Any CPU
		{FCA5C10C-D721-400B-8E26-2964C97C2D83}.AppStore|Any CPU.ActiveCfg = Debug|Any CPU
		{FCA5C10C-D721-400B-8E26-2964C97C2D83}.AppStore|Any CPU.Build.0 = Debug|Any CPU
		{FCA5C10C-D721-400B-8E26-2964C97C2D83}.AppStore|ARM.ActiveCfg = Debug|Any CPU
		{FCA5C10C-D721-400B-8E26-2964C97C2D83}.AppStore|ARM.Build.0 = Debug|Any CPU
		{FCA5C10C-D721-400B-8E26-2964C97C2D83}.AppStore|iPhone.ActiveCfg = Debug|Any CPU
		{FCA5C10C-D721-400B-8E26-2964C97C2D83}.AppStore|iPhone.Build.0 = Debug|Any CPU
		{FCA5C10C-D721-400B-8E26-2964C97C2D83}.AppStore|iPhoneSimulator.ActiveCfg = Debug|Any CPU
		{FCA5C10C-D721-400B-8E26-2964C97C2D83}.AppStore|iPhoneSimulator.Build.0 = Debug|Any CPU
		{FCA5C10C-D721-400B-8E26-2964C97C2D83}.AppStore|x64.ActiveCfg = Debug|Any CPU
		{FCA5C10C-D721-400B-8E26-2964C97C2D83}.AppStore|x64.Build.0 = Debug|Any CPU
		{FCA5C10C-D721-400B-8E26-2964C97C2D83}.AppStore|x86.ActiveCfg = Debug|Any CPU
		{FCA5C10C-D721-400B-8E26-2964C97C2D83}.AppStore|x86.Build.0 = Debug|Any CPU
		{FCA5C10C-D721-400B-8E26-2964C97C2D83}.Debug|Any CPU.ActiveCfg = Debug|Any CPU
		{FCA5C10C-D721-400B-8E26-2964C97C2D83}.Debug|Any CPU.Build.0 = Debug|Any CPU
		{FCA5C10C-D721-400B-8E26-2964C97C2D83}.Debug|ARM.ActiveCfg = Debug|Any CPU
		{FCA5C10C-D721-400B-8E26-2964C97C2D83}.Debug|ARM.Build.0 = Debug|Any CPU
		{FCA5C10C-D721-400B-8E26-2964C97C2D83}.Debug|iPhone.ActiveCfg = Debug|Any CPU
		{FCA5C10C-D721-400B-8E26-2964C97C2D83}.Debug|iPhone.Build.0 = Debug|Any CPU
		{FCA5C10C-D721-400B-8E26-2964C97C2D83}.Debug|iPhoneSimulator.ActiveCfg = Debug|Any CPU
		{FCA5C10C-D721-400B-8E26-2964C97C2D83}.Debug|iPhoneSimulator.Build.0 = Debug|Any CPU
		{FCA5C10C-D721-400B-8E26-2964C97C2D83}.Debug|x64.ActiveCfg = Debug|Any CPU
		{FCA5C10C-D721-400B-8E26-2964C97C2D83}.Debug|x64.Build.0 = Debug|Any CPU
		{FCA5C10C-D721-400B-8E26-2964C97C2D83}.Debug|x86.ActiveCfg = Debug|Any CPU
		{FCA5C10C-D721-400B-8E26-2964C97C2D83}.Debug|x86.Build.0 = Debug|Any CPU
		{FCA5C10C-D721-400B-8E26-2964C97C2D83}.Release|Any CPU.ActiveCfg = Release|Any CPU
		{FCA5C10C-D721-400B-8E26-2964C97C2D83}.Release|Any CPU.Build.0 = Release|Any CPU
		{FCA5C10C-D721-400B-8E26-2964C97C2D83}.Release|ARM.ActiveCfg = Release|Any CPU
		{FCA5C10C-D721-400B-8E26-2964C97C2D83}.Release|ARM.Build.0 = Release|Any CPU
		{FCA5C10C-D721-400B-8E26-2964C97C2D83}.Release|iPhone.ActiveCfg = Release|Any CPU
		{FCA5C10C-D721-400B-8E26-2964C97C2D83}.Release|iPhone.Build.0 = Release|Any CPU
		{FCA5C10C-D721-400B-8E26-2964C97C2D83}.Release|iPhoneSimulator.ActiveCfg = Release|Any CPU
		{FCA5C10C-D721-400B-8E26-2964C97C2D83}.Release|iPhoneSimulator.Build.0 = Release|Any CPU
		{FCA5C10C-D721-400B-8E26-2964C97C2D83}.Release|x64.ActiveCfg = Release|Any CPU
		{FCA5C10C-D721-400B-8E26-2964C97C2D83}.Release|x64.Build.0 = Release|Any CPU
		{FCA5C10C-D721-400B-8E26-2964C97C2D83}.Release|x86.ActiveCfg = Release|Any CPU
		{FCA5C10C-D721-400B-8E26-2964C97C2D83}.Release|x86.Build.0 = Release|Any CPU
	EndGlobalSection
	GlobalSection(SolutionProperties) = preSolution
		HideSolutionNode = FALSE
	EndGlobalSection
	GlobalSection(ExtensibilityGlobals) = postSolution
		SolutionGuid = {0D81F3F9-0971-4390-96CB-41D9420DE6FE}
	EndGlobalSection
EndGlobal
