
Microsoft Visual Studio Solution File, Format Version 12.00
# Visual Studio 14
VisualStudioVersion = 14.0.25420.1
MinimumVisualStudioVersion = 10.0.40219.1
Project("{FAE04EC0-301F-11D3-BF4B-00C04F79EFBC}") = "Friday.UI", "Friday.UI\Friday.UI.csproj", "{21706AFC-E070-498E-8006-ED135260006D}"
EndProject
Project("{FAE04EC0-301F-11D3-BF4B-00C04F79EFBC}") = "Friday.Core", "Friday.Core\Friday.Core.csproj", "{C13E7277-788E-4237-9A67-E36D408BC828}"
EndProject
Project("{2150E333-8FDC-42A3-9474-1A3956D46DE8}") = "UnitTests", "UnitTests", "{214490E7-9D97-4BAF-B356-7E2D2CDAA656}"
EndProject
Project("{FAE04EC0-301F-11D3-BF4B-00C04F79EFBC}") = "Firday.Core.UnitTests", "UnitTests\Firday.Core.UnitTests\Firday.Core.UnitTests.csproj", "{9367F463-7465-4D57-BEB3-D170FB3C0F63}"
EndProject
Global
	GlobalSection(SolutionConfigurationPlatforms) = preSolution
		Debug|Any CPU = Debug|Any CPU
		Debug|ARM = Debug|ARM
		Debug|x64 = Debug|x64
		Debug|x86 = Debug|x86
		Release|Any CPU = Release|Any CPU
		Release|ARM = Release|ARM
		Release|x64 = Release|x64
		Release|x86 = Release|x86
	EndGlobalSection
	GlobalSection(ProjectConfigurationPlatforms) = postSolution
		{21706AFC-E070-498E-8006-ED135260006D}.Debug|Any CPU.ActiveCfg = Debug|x86
		{21706AFC-E070-498E-8006-ED135260006D}.Debug|ARM.ActiveCfg = Debug|ARM
		{21706AFC-E070-498E-8006-ED135260006D}.Debug|ARM.Build.0 = Debug|ARM
		{21706AFC-E070-498E-8006-ED135260006D}.Debug|ARM.Deploy.0 = Debug|ARM
		{21706AFC-E070-498E-8006-ED135260006D}.Debug|x64.ActiveCfg = Debug|x64
		{21706AFC-E070-498E-8006-ED135260006D}.Debug|x64.Build.0 = Debug|x64
		{21706AFC-E070-498E-8006-ED135260006D}.Debug|x64.Deploy.0 = Debug|x64
		{21706AFC-E070-498E-8006-ED135260006D}.Debug|x86.ActiveCfg = Debug|x86
		{21706AFC-E070-498E-8006-ED135260006D}.Debug|x86.Build.0 = Debug|x86
		{21706AFC-E070-498E-8006-ED135260006D}.Debug|x86.Deploy.0 = Debug|x86
		{21706AFC-E070-498E-8006-ED135260006D}.Release|Any CPU.ActiveCfg = Release|x86
		{21706AFC-E070-498E-8006-ED135260006D}.Release|ARM.ActiveCfg = Release|ARM
		{21706AFC-E070-498E-8006-ED135260006D}.Release|ARM.Build.0 = Release|ARM
		{21706AFC-E070-498E-8006-ED135260006D}.Release|ARM.Deploy.0 = Release|ARM
		{21706AFC-E070-498E-8006-ED135260006D}.Release|x64.ActiveCfg = Release|x64
		{21706AFC-E070-498E-8006-ED135260006D}.Release|x64.Build.0 = Release|x64
		{21706AFC-E070-498E-8006-ED135260006D}.Release|x64.Deploy.0 = Release|x64
		{21706AFC-E070-498E-8006-ED135260006D}.Release|x86.ActiveCfg = Release|x86
		{21706AFC-E070-498E-8006-ED135260006D}.Release|x86.Build.0 = Release|x86
		{21706AFC-E070-498E-8006-ED135260006D}.Release|x86.Deploy.0 = Release|x86
		{C13E7277-788E-4237-9A67-E36D408BC828}.Debug|Any CPU.ActiveCfg = Debug|Any CPU
		{C13E7277-788E-4237-9A67-E36D408BC828}.Debug|Any CPU.Build.0 = Debug|Any CPU
		{C13E7277-788E-4237-9A67-E36D408BC828}.Debug|ARM.ActiveCfg = Debug|ARM
		{C13E7277-788E-4237-9A67-E36D408BC828}.Debug|ARM.Build.0 = Debug|ARM
		{C13E7277-788E-4237-9A67-E36D408BC828}.Debug|x64.ActiveCfg = Debug|x64
		{C13E7277-788E-4237-9A67-E36D408BC828}.Debug|x64.Build.0 = Debug|x64
		{C13E7277-788E-4237-9A67-E36D408BC828}.Debug|x86.ActiveCfg = Debug|x86
		{C13E7277-788E-4237-9A67-E36D408BC828}.Debug|x86.Build.0 = Debug|x86
		{C13E7277-788E-4237-9A67-E36D408BC828}.Release|Any CPU.ActiveCfg = Release|Any CPU
		{C13E7277-788E-4237-9A67-E36D408BC828}.Release|Any CPU.Build.0 = Release|Any CPU
		{C13E7277-788E-4237-9A67-E36D408BC828}.Release|ARM.ActiveCfg = Release|ARM
		{C13E7277-788E-4237-9A67-E36D408BC828}.Release|ARM.Build.0 = Release|ARM
		{C13E7277-788E-4237-9A67-E36D408BC828}.Release|x64.ActiveCfg = Release|x64
		{C13E7277-788E-4237-9A67-E36D408BC828}.Release|x64.Build.0 = Release|x64
		{C13E7277-788E-4237-9A67-E36D408BC828}.Release|x86.ActiveCfg = Release|x86
		{C13E7277-788E-4237-9A67-E36D408BC828}.Release|x86.Build.0 = Release|x86
		{9367F463-7465-4D57-BEB3-D170FB3C0F63}.Debug|Any CPU.ActiveCfg = Debug|x86
		{9367F463-7465-4D57-BEB3-D170FB3C0F63}.Debug|ARM.ActiveCfg = Debug|ARM
		{9367F463-7465-4D57-BEB3-D170FB3C0F63}.Debug|ARM.Build.0 = Debug|ARM
		{9367F463-7465-4D57-BEB3-D170FB3C0F63}.Debug|ARM.Deploy.0 = Debug|ARM
		{9367F463-7465-4D57-BEB3-D170FB3C0F63}.Debug|x64.ActiveCfg = Debug|x64
		{9367F463-7465-4D57-BEB3-D170FB3C0F63}.Debug|x64.Build.0 = Debug|x64
		{9367F463-7465-4D57-BEB3-D170FB3C0F63}.Debug|x64.Deploy.0 = Debug|x64
		{9367F463-7465-4D57-BEB3-D170FB3C0F63}.Debug|x86.ActiveCfg = Debug|x86
		{9367F463-7465-4D57-BEB3-D170FB3C0F63}.Debug|x86.Build.0 = Debug|x86
		{9367F463-7465-4D57-BEB3-D170FB3C0F63}.Debug|x86.Deploy.0 = Debug|x86
		{9367F463-7465-4D57-BEB3-D170FB3C0F63}.Release|Any CPU.ActiveCfg = Release|x86
		{9367F463-7465-4D57-BEB3-D170FB3C0F63}.Release|ARM.ActiveCfg = Release|ARM
		{9367F463-7465-4D57-BEB3-D170FB3C0F63}.Release|ARM.Build.0 = Release|ARM
		{9367F463-7465-4D57-BEB3-D170FB3C0F63}.Release|ARM.Deploy.0 = Release|ARM
		{9367F463-7465-4D57-BEB3-D170FB3C0F63}.Release|x64.ActiveCfg = Release|x64
		{9367F463-7465-4D57-BEB3-D170FB3C0F63}.Release|x64.Build.0 = Release|x64
		{9367F463-7465-4D57-BEB3-D170FB3C0F63}.Release|x64.Deploy.0 = Release|x64
		{9367F463-7465-4D57-BEB3-D170FB3C0F63}.Release|x86.ActiveCfg = Release|x86
		{9367F463-7465-4D57-BEB3-D170FB3C0F63}.Release|x86.Build.0 = Release|x86
		{9367F463-7465-4D57-BEB3-D170FB3C0F63}.Release|x86.Deploy.0 = Release|x86
	EndGlobalSection
	GlobalSection(SolutionProperties) = preSolution
		HideSolutionNode = FALSE
	EndGlobalSection
	GlobalSection(NestedProjects) = preSolution
		{9367F463-7465-4D57-BEB3-D170FB3C0F63} = {214490E7-9D97-4BAF-B356-7E2D2CDAA656}
	EndGlobalSection
EndGlobal
